
Microsoft Visual Studio Solution File, Format Version 12.00
# Visual Studio 14
VisualStudioVersion = 14.0.25420.1
MinimumVisualStudioVersion = 10.0.40219.1
Project("{FAE04EC0-301F-11D3-BF4B-00C04F79EFBC}") = "TestPythonJsConsoleApplication", "TestConsoleApplication1\TestPythonJsConsoleApplication.csproj", "{BF03566B-81EF-439D-B6E8-877C684F1812}"
EndProject
Project("{FAE04EC0-301F-11D3-BF4B-00C04F79EFBC}") = "TestWebApplication", "TestWebApplication\TestWebApplication.csproj", "{9AAAD33D-1B15-4B05-B43E-3AC3EE60F9A5}"
EndProject
Project("{FAE04EC0-301F-11D3-BF4B-00C04F79EFBC}") = "COWebApplication", "COWebApplication\COWebApplication.csproj", "{9A81C9F1-340A-47D7-A7B5-44A4895622B9}"
EndProject
Project("{FAE04EC0-301F-11D3-BF4B-00C04F79EFBC}") = "TestWindowsFormsApplication", "TestWindowsFormsApplication\TestWindowsFormsApplication.csproj", "{8C313AD2-21CD-4A07-A312-485829A45DA3}"
EndProject
Project("{FAE04EC0-301F-11D3-BF4B-00C04F79EFBC}") = "StockDataCollector", "StockDataCollector\StockDataCollector.csproj", "{35112E03-5EEB-416B-B02C-6CCA49FEB944}"
EndProject
Project("{FAE04EC0-301F-11D3-BF4B-00C04F79EFBC}") = "TestNewFeatureConsoleApplication", "TestNewFeatureConsoleApplication\TestNewFeatureConsoleApplication.csproj", "{7BC18D69-70F8-4714-B5BC-7EFF47543B96}"
EndProject
Project("{2150E333-8FDC-42A3-9474-1A3956D46DE8}") = "Solution Items", "Solution Items", "{97FBE6E5-7E47-4C7F-A34B-48280687363E}"
EndProject
Project("{FAE04EC0-301F-11D3-BF4B-00C04F79EFBC}") = "COWebApplication45", "COWebApplication45\COWebApplication45.csproj", "{C30B7A42-C995-48C3-8D6B-E50DFFF03A91}"
EndProject
Project("{FAE04EC0-301F-11D3-BF4B-00C04F79EFBC}") = "TestStockAlgorithmConsoleApplication", "TestStockAlgorithmConsoleApplication\TestStockAlgorithmConsoleApplication.csproj", "{C03A1A8B-4D8D-4040-9B2F-B0E5FCD5C924}"
EndProject
Project("{FAE04EC0-301F-11D3-BF4B-00C04F79EFBC}") = "TestStockWindowsFormsApplication", "TestStockWindowsFormsApplication\TestStockWindowsFormsApplication.csproj", "{25FFD494-C677-433E-90F2-84BB580A26BE}"
EndProject
Project("{FAE04EC0-301F-11D3-BF4B-00C04F79EFBC}") = "StockDataDownloaderConsoleApplication", "StockDataDownloaderConsoleApplication\StockDataDownloaderConsoleApplication.csproj", "{321FE3EA-3FCF-42F1-8537-F23BA8E70CA2}"
EndProject
Project("{FAE04EC0-301F-11D3-BF4B-00C04F79EFBC}") = "TempConsoleApplication", "TempConsoleApplication\TempConsoleApplication.csproj", "{EEDA2E1D-F97D-4892-95CC-D0C236062D8C}"
EndProject
Project("{FAE04EC0-301F-11D3-BF4B-00C04F79EFBC}") = "StockDataDownloader", "StockDataDownloader\StockDataDownloader.csproj", "{AF16463B-B8F7-4B78-AB4F-C2D92D2DD90A}"
EndProject
Project("{FAE04EC0-301F-11D3-BF4B-00C04F79EFBC}") = "CS.Common", "CS.Common\CS.Common.csproj", "{0103E18D-452D-43FE-8240-F66F59ECB1B4}"
EndProject
Project("{FAE04EC0-301F-11D3-BF4B-00C04F79EFBC}") = "NugetPackageConsoleApplication", "NugetPackageConsoleApplication\NugetPackageConsoleApplication.csproj", "{EFDCC1AB-A61C-4BBD-A643-7872DF907921}"
EndProject
Project("{FAE04EC0-301F-11D3-BF4B-00C04F79EFBC}") = "StockInfoCollector", "StockInfoCollector\StockInfoCollector.csproj", "{6DC2B65C-3859-419D-BD0D-FAC4B7178732}"
EndProject
Project("{FAE04EC0-301F-11D3-BF4B-00C04F79EFBC}") = "TestSqliteConsoleApplication", "TestSqliteConsoleApplication\TestSqliteConsoleApplication.csproj", "{E37C7CBB-DC87-4A17-BFB0-28D6A4FA6381}"
EndProject
Project("{FAE04EC0-301F-11D3-BF4B-00C04F79EFBC}") = "TestVSIXProject", "TestVSIXProject\TestVSIXProject.csproj", "{A8A4C682-FD44-47D5-B42C-AF80BEAEA757}"
EndProject
Project("{FAE04EC0-301F-11D3-BF4B-00C04F79EFBC}") = "TestAutoMapperConsoleApplication", "TestAutoMapperConsoleApplication\TestAutoMapperConsoleApplication.csproj", "{9D15A070-378F-4CA6-B33D-7D1998900109}"
EndProject
Project("{FAE04EC0-301F-11D3-BF4B-00C04F79EFBC}") = "TestUnityConsoleApplication", "TestUnityConsoleApplication\TestUnityConsoleApplication.csproj", "{719F7E39-1FC3-4ACC-84AB-5CC417CE9C72}"
EndProject
Project("{FAE04EC0-301F-11D3-BF4B-00C04F79EFBC}") = "TestSharpCompressConsoleApplication", "TestSharpCompressConsoleApplication\TestSharpCompressConsoleApplication.csproj", "{C70D7D6A-5F51-48B7-9B1F-CF0C1D6FB29E}"
EndProject
Project("{2150E333-8FDC-42A3-9474-1A3956D46DE8}") = "DemoClass", "DemoClass", "{AC4E634F-9282-4940-A302-A938318F8C23}"
EndProject
Project("{FAE04EC0-301F-11D3-BF4B-00C04F79EFBC}") = "LarkLab.DemoClass.Win", "LarkLab.DemoClass.Win\LarkLab.DemoClass.Win.csproj", "{1124412E-730F-45C8-81D3-6A119492831E}"
EndProject
Project("{FAE04EC0-301F-11D3-BF4B-00C04F79EFBC}") = "LarkLab.DemoClass.Libray", "LarkLab.DemoClass.Libray\LarkLab.DemoClass.Libray.csproj", "{2E3ABD83-6921-4780-9502-968A209E3737}"
EndProject
Project("{FAE04EC0-301F-11D3-BF4B-00C04F79EFBC}") = "LarkLab.DemoClass.Interface", "LarkLab.DemoClass.Interface\LarkLab.DemoClass.Interface.csproj", "{3B2BEC75-173D-4C1E-B856-D288BBBDBA17}"
EndProject
Project("{FAE04EC0-301F-11D3-BF4B-00C04F79EFBC}") = "LarLab.DemoClass.Common", "LarLab.DemoClass.Common\LarLab.DemoClass.Common.csproj", "{DD933979-4820-40FB-B41E-F716CE18BED7}"
EndProject
Project("{FAE04EC0-301F-11D3-BF4B-00C04F79EFBC}") = "StockDataImport", "StockDataImport\StockDataImport.csproj", "{AF2A08E6-76D2-4412-964B-37B7CA378ABB}"
EndProject
Project("{FAE04EC0-301F-11D3-BF4B-00C04F79EFBC}") = "TestImageConsoleApplication", "TestImageConsoleApplication\TestImageConsoleApplication.csproj", "{978DB8BD-7946-40E6-AC20-D4FCCB58806F}"
EndProject
Project("{FAE04EC0-301F-11D3-BF4B-00C04F79EFBC}") = "StockDataImportToMultiDb", "StockDataImportToMultiDb\StockDataImportToMultiDb.csproj", "{D6A43B0C-86DC-409E-A481-967F7A9690FB}"
EndProject
Project("{FAE04EC0-301F-11D3-BF4B-00C04F79EFBC}") = "StockDataExportToFile", "StockDataExportToFile\StockDataExportToFile.csproj", "{61950052-3793-4FD1-8B9B-0D4D46297153}"
EndProject
Project("{FAE04EC0-301F-11D3-BF4B-00C04F79EFBC}") = "StockDataExportMinute", "StockDataExportMinute\StockDataExportMinute.csproj", "{18F17C1D-95A2-4C1D-B259-416CDFE2A0B5}"
EndProject
Project("{FAE04EC0-301F-11D3-BF4B-00C04F79EFBC}") = "StockAlgorithm", "StockAlgorithm\StockAlgorithm.csproj", "{342753E1-3F4C-430E-84CF-86A60A85C1C6}"
EndProject
Project("{FAE04EC0-301F-11D3-BF4B-00C04F79EFBC}") = "StockDataExportDaily", "StockDataExportDaily\StockDataExportDaily.csproj", "{795DE552-1CDE-4E15-9F52-4DDE3720DEF7}"
EndProject
Project("{FAE04EC0-301F-11D3-BF4B-00C04F79EFBC}") = "StockDataIndexExportToFile", "StockDataIndexExportToFile\StockDataIndexExportToFile.csproj", "{5A2CEB0E-3314-4F34-AB18-EEAE33A0A8C0}"
EndProject
Project("{FAE04EC0-301F-11D3-BF4B-00C04F79EFBC}") = "TestWebApi", "TestWebApi\TestWebApi.csproj", "{781F3A5D-EF21-44D2-A79C-D85817D1AC50}"
EndProject
Project("{FAE04EC0-301F-11D3-BF4B-00C04F79EFBC}") = "StockFtp", "StockFtp\StockFtp.csproj", "{345F413C-A357-45FF-970B-36B333635B02}"
EndProject
Project("{FAE04EC0-301F-11D3-BF4B-00C04F79EFBC}") = "TesWebPageDownloadtConsoleApplication", "TesWebPageDownloadtConsoleApplication\TesWebPageDownloadtConsoleApplication.csproj", "{F66FD749-CC2C-456D-AF12-0004EF01D51A}"
EndProject
Project("{FAE04EC0-301F-11D3-BF4B-00C04F79EFBC}") = "TestSmsConsoleApplication", "TestSmsConsoleApplication\TestSmsConsoleApplication.csproj", "{6A8B2C6E-0D35-4EB2-B0FF-3C883CE099B7}"
EndProject
Project("{FAE04EC0-301F-11D3-BF4B-00C04F79EFBC}") = "PreciousResWebApplication45", "PreciousResWebApplication45\PreciousResWebApplication45.csproj", "{9A52C9C9-24B0-4438-8975-51EC9E564A19}"
EndProject
Project("{FAE04EC0-301F-11D3-BF4B-00C04F79EFBC}") = "StockWebApplication45", "StockWebApplication45\StockWebApplication45.csproj", "{A5424D0B-6A58-4A3D-B4F6-F903265D1523}"
EndProject
Project("{FAE04EC0-301F-11D3-BF4B-00C04F79EFBC}") = "TestjsonConsoleApplication", "TestjsonConsoleApplication\TestjsonConsoleApplication.csproj", "{85732355-9FF7-452B-8241-6D95A64754B8}"
EndProject
Project("{FAE04EC0-301F-11D3-BF4B-00C04F79EFBC}") = "STEAMWebApplication45", "STEAMWebApplication45\STEAMWebApplication45.csproj", "{C6D75BDB-21C9-4946-BAC8-35FEC1FD519A}"
EndProject
Project("{FAE04EC0-301F-11D3-BF4B-00C04F79EFBC}") = "QnyDownloader", "QnyDownloader\QnyDownloader.csproj", "{8B031626-8820-4B79-9856-64133DF0F565}"
EndProject
Project("{FAE04EC0-301F-11D3-BF4B-00C04F79EFBC}") = "TestUIAutomation", "TestUIAutomation\TestUIAutomation.csproj", "{3DF198D5-6774-435E-8BB8-5C0C4FD8CD3A}"
EndProject
Project("{FAE04EC0-301F-11D3-BF4B-00C04F79EFBC}") = "TestQRCodeWebApplication", "TestQRCodeWebApplication\TestQRCodeWebApplication.csproj", "{EB98A967-69AF-4C3B-A6B0-3C19B73A6A24}"
EndProject
Project("{FAE04EC0-301F-11D3-BF4B-00C04F79EFBC}") = "TestWebApplication2", "TestWebApplication2\TestWebApplication2.csproj", "{87A07B0F-1517-4EC8-B5A0-8E45D14CE5C3}"
EndProject
Project("{FAE04EC0-301F-11D3-BF4B-00C04F79EFBC}") = "TestWebBrowserWindowsFormsApplication", "TestWebBrowserWindowsFormsApplication\TestWebBrowserWindowsFormsApplication.csproj", "{7ED9DB56-64CE-4E65-8331-A4FF05053FCC}"
EndProject
Project("{FAE04EC0-301F-11D3-BF4B-00C04F79EFBC}") = "TestPdfConsoleApplication", "TestPdfConsoleApplication\TestPdfConsoleApplication.csproj", "{95E00F56-5FBB-45CE-950C-9383A6B169E5}"
EndProject
Global
	GlobalSection(SolutionConfigurationPlatforms) = preSolution
		Debug|Any CPU = Debug|Any CPU
		Debug|x64 = Debug|x64
		Debug|x86 = Debug|x86
		Release|Any CPU = Release|Any CPU
		Release|x64 = Release|x64
		Release|x86 = Release|x86
	EndGlobalSection
	GlobalSection(ProjectConfigurationPlatforms) = postSolution
		{BF03566B-81EF-439D-B6E8-877C684F1812}.Debug|Any CPU.ActiveCfg = Debug|Any CPU
		{BF03566B-81EF-439D-B6E8-877C684F1812}.Debug|Any CPU.Build.0 = Debug|Any CPU
		{BF03566B-81EF-439D-B6E8-877C684F1812}.Debug|x64.ActiveCfg = Debug|Any CPU
		{BF03566B-81EF-439D-B6E8-877C684F1812}.Debug|x64.Build.0 = Debug|Any CPU
		{BF03566B-81EF-439D-B6E8-877C684F1812}.Debug|x86.ActiveCfg = Debug|Any CPU
		{BF03566B-81EF-439D-B6E8-877C684F1812}.Debug|x86.Build.0 = Debug|Any CPU
		{BF03566B-81EF-439D-B6E8-877C684F1812}.Release|Any CPU.ActiveCfg = Release|Any CPU
		{BF03566B-81EF-439D-B6E8-877C684F1812}.Release|Any CPU.Build.0 = Release|Any CPU
		{BF03566B-81EF-439D-B6E8-877C684F1812}.Release|x64.ActiveCfg = Release|Any CPU
		{BF03566B-81EF-439D-B6E8-877C684F1812}.Release|x64.Build.0 = Release|Any CPU
		{BF03566B-81EF-439D-B6E8-877C684F1812}.Release|x86.ActiveCfg = Release|Any CPU
		{BF03566B-81EF-439D-B6E8-877C684F1812}.Release|x86.Build.0 = Release|Any CPU
		{9AAAD33D-1B15-4B05-B43E-3AC3EE60F9A5}.Debug|Any CPU.ActiveCfg = Debug|Any CPU
		{9AAAD33D-1B15-4B05-B43E-3AC3EE60F9A5}.Debug|Any CPU.Build.0 = Debug|Any CPU
		{9AAAD33D-1B15-4B05-B43E-3AC3EE60F9A5}.Debug|x64.ActiveCfg = Debug|Any CPU
		{9AAAD33D-1B15-4B05-B43E-3AC3EE60F9A5}.Debug|x64.Build.0 = Debug|Any CPU
		{9AAAD33D-1B15-4B05-B43E-3AC3EE60F9A5}.Debug|x86.ActiveCfg = Debug|Any CPU
		{9AAAD33D-1B15-4B05-B43E-3AC3EE60F9A5}.Debug|x86.Build.0 = Debug|Any CPU
		{9AAAD33D-1B15-4B05-B43E-3AC3EE60F9A5}.Release|Any CPU.ActiveCfg = Release|Any CPU
		{9AAAD33D-1B15-4B05-B43E-3AC3EE60F9A5}.Release|Any CPU.Build.0 = Release|Any CPU
		{9AAAD33D-1B15-4B05-B43E-3AC3EE60F9A5}.Release|x64.ActiveCfg = Release|Any CPU
		{9AAAD33D-1B15-4B05-B43E-3AC3EE60F9A5}.Release|x64.Build.0 = Release|Any CPU
		{9AAAD33D-1B15-4B05-B43E-3AC3EE60F9A5}.Release|x86.ActiveCfg = Release|Any CPU
		{9AAAD33D-1B15-4B05-B43E-3AC3EE60F9A5}.Release|x86.Build.0 = Release|Any CPU
		{9A81C9F1-340A-47D7-A7B5-44A4895622B9}.Debug|Any CPU.ActiveCfg = Debug|Any CPU
		{9A81C9F1-340A-47D7-A7B5-44A4895622B9}.Debug|Any CPU.Build.0 = Debug|Any CPU
		{9A81C9F1-340A-47D7-A7B5-44A4895622B9}.Debug|x64.ActiveCfg = Debug|Any CPU
		{9A81C9F1-340A-47D7-A7B5-44A4895622B9}.Debug|x64.Build.0 = Debug|Any CPU
		{9A81C9F1-340A-47D7-A7B5-44A4895622B9}.Debug|x86.ActiveCfg = Debug|Any CPU
		{9A81C9F1-340A-47D7-A7B5-44A4895622B9}.Debug|x86.Build.0 = Debug|Any CPU
		{9A81C9F1-340A-47D7-A7B5-44A4895622B9}.Release|Any CPU.ActiveCfg = Release|Any CPU
		{9A81C9F1-340A-47D7-A7B5-44A4895622B9}.Release|Any CPU.Build.0 = Release|Any CPU
		{9A81C9F1-340A-47D7-A7B5-44A4895622B9}.Release|x64.ActiveCfg = Release|Any CPU
		{9A81C9F1-340A-47D7-A7B5-44A4895622B9}.Release|x64.Build.0 = Release|Any CPU
		{9A81C9F1-340A-47D7-A7B5-44A4895622B9}.Release|x86.ActiveCfg = Release|Any CPU
		{9A81C9F1-340A-47D7-A7B5-44A4895622B9}.Release|x86.Build.0 = Release|Any CPU
		{8C313AD2-21CD-4A07-A312-485829A45DA3}.Debug|Any CPU.ActiveCfg = Debug|Any CPU
		{8C313AD2-21CD-4A07-A312-485829A45DA3}.Debug|Any CPU.Build.0 = Debug|Any CPU
		{8C313AD2-21CD-4A07-A312-485829A45DA3}.Debug|x64.ActiveCfg = Debug|Any CPU
		{8C313AD2-21CD-4A07-A312-485829A45DA3}.Debug|x64.Build.0 = Debug|Any CPU
		{8C313AD2-21CD-4A07-A312-485829A45DA3}.Debug|x86.ActiveCfg = Debug|Any CPU
		{8C313AD2-21CD-4A07-A312-485829A45DA3}.Debug|x86.Build.0 = Debug|Any CPU
		{8C313AD2-21CD-4A07-A312-485829A45DA3}.Release|Any CPU.ActiveCfg = Release|Any CPU
		{8C313AD2-21CD-4A07-A312-485829A45DA3}.Release|Any CPU.Build.0 = Release|Any CPU
		{8C313AD2-21CD-4A07-A312-485829A45DA3}.Release|x64.ActiveCfg = Release|Any CPU
		{8C313AD2-21CD-4A07-A312-485829A45DA3}.Release|x64.Build.0 = Release|Any CPU
		{8C313AD2-21CD-4A07-A312-485829A45DA3}.Release|x86.ActiveCfg = Release|Any CPU
		{8C313AD2-21CD-4A07-A312-485829A45DA3}.Release|x86.Build.0 = Release|Any CPU
		{35112E03-5EEB-416B-B02C-6CCA49FEB944}.Debug|Any CPU.ActiveCfg = Debug|Any CPU
		{35112E03-5EEB-416B-B02C-6CCA49FEB944}.Debug|Any CPU.Build.0 = Debug|Any CPU
		{35112E03-5EEB-416B-B02C-6CCA49FEB944}.Debug|x64.ActiveCfg = Debug|Any CPU
		{35112E03-5EEB-416B-B02C-6CCA49FEB944}.Debug|x64.Build.0 = Debug|Any CPU
		{35112E03-5EEB-416B-B02C-6CCA49FEB944}.Debug|x86.ActiveCfg = Debug|Any CPU
		{35112E03-5EEB-416B-B02C-6CCA49FEB944}.Debug|x86.Build.0 = Debug|Any CPU
		{35112E03-5EEB-416B-B02C-6CCA49FEB944}.Release|Any CPU.ActiveCfg = Release|Any CPU
		{35112E03-5EEB-416B-B02C-6CCA49FEB944}.Release|Any CPU.Build.0 = Release|Any CPU
		{35112E03-5EEB-416B-B02C-6CCA49FEB944}.Release|x64.ActiveCfg = Release|Any CPU
		{35112E03-5EEB-416B-B02C-6CCA49FEB944}.Release|x64.Build.0 = Release|Any CPU
		{35112E03-5EEB-416B-B02C-6CCA49FEB944}.Release|x86.ActiveCfg = Release|Any CPU
		{35112E03-5EEB-416B-B02C-6CCA49FEB944}.Release|x86.Build.0 = Release|Any CPU
		{7BC18D69-70F8-4714-B5BC-7EFF47543B96}.Debug|Any CPU.ActiveCfg = Debug|Any CPU
		{7BC18D69-70F8-4714-B5BC-7EFF47543B96}.Debug|Any CPU.Build.0 = Debug|Any CPU
		{7BC18D69-70F8-4714-B5BC-7EFF47543B96}.Debug|x64.ActiveCfg = Debug|Any CPU
		{7BC18D69-70F8-4714-B5BC-7EFF47543B96}.Debug|x64.Build.0 = Debug|Any CPU
		{7BC18D69-70F8-4714-B5BC-7EFF47543B96}.Debug|x86.ActiveCfg = Debug|Any CPU
		{7BC18D69-70F8-4714-B5BC-7EFF47543B96}.Debug|x86.Build.0 = Debug|Any CPU
		{7BC18D69-70F8-4714-B5BC-7EFF47543B96}.Release|Any CPU.ActiveCfg = Release|Any CPU
		{7BC18D69-70F8-4714-B5BC-7EFF47543B96}.Release|Any CPU.Build.0 = Release|Any CPU
		{7BC18D69-70F8-4714-B5BC-7EFF47543B96}.Release|x64.ActiveCfg = Release|Any CPU
		{7BC18D69-70F8-4714-B5BC-7EFF47543B96}.Release|x64.Build.0 = Release|Any CPU
		{7BC18D69-70F8-4714-B5BC-7EFF47543B96}.Release|x86.ActiveCfg = Release|Any CPU
		{7BC18D69-70F8-4714-B5BC-7EFF47543B96}.Release|x86.Build.0 = Release|Any CPU
		{C30B7A42-C995-48C3-8D6B-E50DFFF03A91}.Debug|Any CPU.ActiveCfg = Debug|Any CPU
		{C30B7A42-C995-48C3-8D6B-E50DFFF03A91}.Debug|Any CPU.Build.0 = Debug|Any CPU
		{C30B7A42-C995-48C3-8D6B-E50DFFF03A91}.Debug|x64.ActiveCfg = Debug|Any CPU
		{C30B7A42-C995-48C3-8D6B-E50DFFF03A91}.Debug|x64.Build.0 = Debug|Any CPU
		{C30B7A42-C995-48C3-8D6B-E50DFFF03A91}.Debug|x86.ActiveCfg = Debug|Any CPU
		{C30B7A42-C995-48C3-8D6B-E50DFFF03A91}.Debug|x86.Build.0 = Debug|Any CPU
		{C30B7A42-C995-48C3-8D6B-E50DFFF03A91}.Release|Any CPU.ActiveCfg = Release|Any CPU
		{C30B7A42-C995-48C3-8D6B-E50DFFF03A91}.Release|Any CPU.Build.0 = Release|Any CPU
		{C30B7A42-C995-48C3-8D6B-E50DFFF03A91}.Release|x64.ActiveCfg = Release|Any CPU
		{C30B7A42-C995-48C3-8D6B-E50DFFF03A91}.Release|x64.Build.0 = Release|Any CPU
		{C30B7A42-C995-48C3-8D6B-E50DFFF03A91}.Release|x86.ActiveCfg = Release|Any CPU
		{C30B7A42-C995-48C3-8D6B-E50DFFF03A91}.Release|x86.Build.0 = Release|Any CPU
		{C03A1A8B-4D8D-4040-9B2F-B0E5FCD5C924}.Debug|Any CPU.ActiveCfg = Debug|Any CPU
		{C03A1A8B-4D8D-4040-9B2F-B0E5FCD5C924}.Debug|Any CPU.Build.0 = Debug|Any CPU
		{C03A1A8B-4D8D-4040-9B2F-B0E5FCD5C924}.Debug|x64.ActiveCfg = Debug|Any CPU
		{C03A1A8B-4D8D-4040-9B2F-B0E5FCD5C924}.Debug|x64.Build.0 = Debug|Any CPU
		{C03A1A8B-4D8D-4040-9B2F-B0E5FCD5C924}.Debug|x86.ActiveCfg = Debug|Any CPU
		{C03A1A8B-4D8D-4040-9B2F-B0E5FCD5C924}.Debug|x86.Build.0 = Debug|Any CPU
		{C03A1A8B-4D8D-4040-9B2F-B0E5FCD5C924}.Release|Any CPU.ActiveCfg = Release|Any CPU
		{C03A1A8B-4D8D-4040-9B2F-B0E5FCD5C924}.Release|Any CPU.Build.0 = Release|Any CPU
		{C03A1A8B-4D8D-4040-9B2F-B0E5FCD5C924}.Release|x64.ActiveCfg = Release|Any CPU
		{C03A1A8B-4D8D-4040-9B2F-B0E5FCD5C924}.Release|x64.Build.0 = Release|Any CPU
		{C03A1A8B-4D8D-4040-9B2F-B0E5FCD5C924}.Release|x86.ActiveCfg = Release|Any CPU
		{C03A1A8B-4D8D-4040-9B2F-B0E5FCD5C924}.Release|x86.Build.0 = Release|Any CPU
		{25FFD494-C677-433E-90F2-84BB580A26BE}.Debug|Any CPU.ActiveCfg = Debug|Any CPU
		{25FFD494-C677-433E-90F2-84BB580A26BE}.Debug|Any CPU.Build.0 = Debug|Any CPU
		{25FFD494-C677-433E-90F2-84BB580A26BE}.Debug|x64.ActiveCfg = Debug|Any CPU
		{25FFD494-C677-433E-90F2-84BB580A26BE}.Debug|x64.Build.0 = Debug|Any CPU
		{25FFD494-C677-433E-90F2-84BB580A26BE}.Debug|x86.ActiveCfg = Debug|Any CPU
		{25FFD494-C677-433E-90F2-84BB580A26BE}.Debug|x86.Build.0 = Debug|Any CPU
		{25FFD494-C677-433E-90F2-84BB580A26BE}.Release|Any CPU.ActiveCfg = Release|Any CPU
		{25FFD494-C677-433E-90F2-84BB580A26BE}.Release|Any CPU.Build.0 = Release|Any CPU
		{25FFD494-C677-433E-90F2-84BB580A26BE}.Release|x64.ActiveCfg = Release|Any CPU
		{25FFD494-C677-433E-90F2-84BB580A26BE}.Release|x64.Build.0 = Release|Any CPU
		{25FFD494-C677-433E-90F2-84BB580A26BE}.Release|x86.ActiveCfg = Release|Any CPU
		{25FFD494-C677-433E-90F2-84BB580A26BE}.Release|x86.Build.0 = Release|Any CPU
		{321FE3EA-3FCF-42F1-8537-F23BA8E70CA2}.Debug|Any CPU.ActiveCfg = Debug|Any CPU
		{321FE3EA-3FCF-42F1-8537-F23BA8E70CA2}.Debug|Any CPU.Build.0 = Debug|Any CPU
		{321FE3EA-3FCF-42F1-8537-F23BA8E70CA2}.Debug|x64.ActiveCfg = Debug|Any CPU
		{321FE3EA-3FCF-42F1-8537-F23BA8E70CA2}.Debug|x64.Build.0 = Debug|Any CPU
		{321FE3EA-3FCF-42F1-8537-F23BA8E70CA2}.Debug|x86.ActiveCfg = Debug|Any CPU
		{321FE3EA-3FCF-42F1-8537-F23BA8E70CA2}.Debug|x86.Build.0 = Debug|Any CPU
		{321FE3EA-3FCF-42F1-8537-F23BA8E70CA2}.Release|Any CPU.ActiveCfg = Release|Any CPU
		{321FE3EA-3FCF-42F1-8537-F23BA8E70CA2}.Release|Any CPU.Build.0 = Release|Any CPU
		{321FE3EA-3FCF-42F1-8537-F23BA8E70CA2}.Release|x64.ActiveCfg = Release|Any CPU
		{321FE3EA-3FCF-42F1-8537-F23BA8E70CA2}.Release|x64.Build.0 = Release|Any CPU
		{321FE3EA-3FCF-42F1-8537-F23BA8E70CA2}.Release|x86.ActiveCfg = Release|Any CPU
		{321FE3EA-3FCF-42F1-8537-F23BA8E70CA2}.Release|x86.Build.0 = Release|Any CPU
		{EEDA2E1D-F97D-4892-95CC-D0C236062D8C}.Debug|Any CPU.ActiveCfg = Debug|Any CPU
		{EEDA2E1D-F97D-4892-95CC-D0C236062D8C}.Debug|Any CPU.Build.0 = Debug|Any CPU
		{EEDA2E1D-F97D-4892-95CC-D0C236062D8C}.Debug|x64.ActiveCfg = Debug|Any CPU
		{EEDA2E1D-F97D-4892-95CC-D0C236062D8C}.Debug|x64.Build.0 = Debug|Any CPU
		{EEDA2E1D-F97D-4892-95CC-D0C236062D8C}.Debug|x86.ActiveCfg = Debug|Any CPU
		{EEDA2E1D-F97D-4892-95CC-D0C236062D8C}.Debug|x86.Build.0 = Debug|Any CPU
		{EEDA2E1D-F97D-4892-95CC-D0C236062D8C}.Release|Any CPU.ActiveCfg = Release|Any CPU
		{EEDA2E1D-F97D-4892-95CC-D0C236062D8C}.Release|Any CPU.Build.0 = Release|Any CPU
		{EEDA2E1D-F97D-4892-95CC-D0C236062D8C}.Release|x64.ActiveCfg = Release|Any CPU
		{EEDA2E1D-F97D-4892-95CC-D0C236062D8C}.Release|x64.Build.0 = Release|Any CPU
		{EEDA2E1D-F97D-4892-95CC-D0C236062D8C}.Release|x86.ActiveCfg = Release|Any CPU
		{EEDA2E1D-F97D-4892-95CC-D0C236062D8C}.Release|x86.Build.0 = Release|Any CPU
		{AF16463B-B8F7-4B78-AB4F-C2D92D2DD90A}.Debug|Any CPU.ActiveCfg = Debug|Any CPU
		{AF16463B-B8F7-4B78-AB4F-C2D92D2DD90A}.Debug|Any CPU.Build.0 = Debug|Any CPU
		{AF16463B-B8F7-4B78-AB4F-C2D92D2DD90A}.Debug|x64.ActiveCfg = Debug|Any CPU
		{AF16463B-B8F7-4B78-AB4F-C2D92D2DD90A}.Debug|x64.Build.0 = Debug|Any CPU
		{AF16463B-B8F7-4B78-AB4F-C2D92D2DD90A}.Debug|x86.ActiveCfg = Debug|Any CPU
		{AF16463B-B8F7-4B78-AB4F-C2D92D2DD90A}.Debug|x86.Build.0 = Debug|Any CPU
		{AF16463B-B8F7-4B78-AB4F-C2D92D2DD90A}.Release|Any CPU.ActiveCfg = Release|Any CPU
		{AF16463B-B8F7-4B78-AB4F-C2D92D2DD90A}.Release|Any CPU.Build.0 = Release|Any CPU
		{AF16463B-B8F7-4B78-AB4F-C2D92D2DD90A}.Release|x64.ActiveCfg = Release|Any CPU
		{AF16463B-B8F7-4B78-AB4F-C2D92D2DD90A}.Release|x64.Build.0 = Release|Any CPU
		{AF16463B-B8F7-4B78-AB4F-C2D92D2DD90A}.Release|x86.ActiveCfg = Release|Any CPU
		{AF16463B-B8F7-4B78-AB4F-C2D92D2DD90A}.Release|x86.Build.0 = Release|Any CPU
		{0103E18D-452D-43FE-8240-F66F59ECB1B4}.Debug|Any CPU.ActiveCfg = Debug|Any CPU
		{0103E18D-452D-43FE-8240-F66F59ECB1B4}.Debug|Any CPU.Build.0 = Debug|Any CPU
		{0103E18D-452D-43FE-8240-F66F59ECB1B4}.Debug|x64.ActiveCfg = Debug|Any CPU
		{0103E18D-452D-43FE-8240-F66F59ECB1B4}.Debug|x64.Build.0 = Debug|Any CPU
		{0103E18D-452D-43FE-8240-F66F59ECB1B4}.Debug|x86.ActiveCfg = Debug|Any CPU
		{0103E18D-452D-43FE-8240-F66F59ECB1B4}.Debug|x86.Build.0 = Debug|Any CPU
		{0103E18D-452D-43FE-8240-F66F59ECB1B4}.Release|Any CPU.ActiveCfg = Release|Any CPU
		{0103E18D-452D-43FE-8240-F66F59ECB1B4}.Release|Any CPU.Build.0 = Release|Any CPU
		{0103E18D-452D-43FE-8240-F66F59ECB1B4}.Release|x64.ActiveCfg = Release|Any CPU
		{0103E18D-452D-43FE-8240-F66F59ECB1B4}.Release|x64.Build.0 = Release|Any CPU
		{0103E18D-452D-43FE-8240-F66F59ECB1B4}.Release|x86.ActiveCfg = Release|Any CPU
		{0103E18D-452D-43FE-8240-F66F59ECB1B4}.Release|x86.Build.0 = Release|Any CPU
		{EFDCC1AB-A61C-4BBD-A643-7872DF907921}.Debug|Any CPU.ActiveCfg = Debug|Any CPU
		{EFDCC1AB-A61C-4BBD-A643-7872DF907921}.Debug|Any CPU.Build.0 = Debug|Any CPU
		{EFDCC1AB-A61C-4BBD-A643-7872DF907921}.Debug|x64.ActiveCfg = Debug|Any CPU
		{EFDCC1AB-A61C-4BBD-A643-7872DF907921}.Debug|x64.Build.0 = Debug|Any CPU
		{EFDCC1AB-A61C-4BBD-A643-7872DF907921}.Debug|x86.ActiveCfg = Debug|Any CPU
		{EFDCC1AB-A61C-4BBD-A643-7872DF907921}.Debug|x86.Build.0 = Debug|Any CPU
		{EFDCC1AB-A61C-4BBD-A643-7872DF907921}.Release|Any CPU.ActiveCfg = Release|Any CPU
		{EFDCC1AB-A61C-4BBD-A643-7872DF907921}.Release|Any CPU.Build.0 = Release|Any CPU
		{EFDCC1AB-A61C-4BBD-A643-7872DF907921}.Release|x64.ActiveCfg = Release|Any CPU
		{EFDCC1AB-A61C-4BBD-A643-7872DF907921}.Release|x64.Build.0 = Release|Any CPU
		{EFDCC1AB-A61C-4BBD-A643-7872DF907921}.Release|x86.ActiveCfg = Release|Any CPU
		{EFDCC1AB-A61C-4BBD-A643-7872DF907921}.Release|x86.Build.0 = Release|Any CPU
		{6DC2B65C-3859-419D-BD0D-FAC4B7178732}.Debug|Any CPU.ActiveCfg = Debug|Any CPU
		{6DC2B65C-3859-419D-BD0D-FAC4B7178732}.Debug|Any CPU.Build.0 = Debug|Any CPU
		{6DC2B65C-3859-419D-BD0D-FAC4B7178732}.Debug|x64.ActiveCfg = Debug|Any CPU
		{6DC2B65C-3859-419D-BD0D-FAC4B7178732}.Debug|x64.Build.0 = Debug|Any CPU
		{6DC2B65C-3859-419D-BD0D-FAC4B7178732}.Debug|x86.ActiveCfg = Debug|Any CPU
		{6DC2B65C-3859-419D-BD0D-FAC4B7178732}.Debug|x86.Build.0 = Debug|Any CPU
		{6DC2B65C-3859-419D-BD0D-FAC4B7178732}.Release|Any CPU.ActiveCfg = Release|Any CPU
		{6DC2B65C-3859-419D-BD0D-FAC4B7178732}.Release|Any CPU.Build.0 = Release|Any CPU
		{6DC2B65C-3859-419D-BD0D-FAC4B7178732}.Release|x64.ActiveCfg = Release|Any CPU
		{6DC2B65C-3859-419D-BD0D-FAC4B7178732}.Release|x64.Build.0 = Release|Any CPU
		{6DC2B65C-3859-419D-BD0D-FAC4B7178732}.Release|x86.ActiveCfg = Release|Any CPU
		{6DC2B65C-3859-419D-BD0D-FAC4B7178732}.Release|x86.Build.0 = Release|Any CPU
		{E37C7CBB-DC87-4A17-BFB0-28D6A4FA6381}.Debug|Any CPU.ActiveCfg = Debug|Any CPU
		{E37C7CBB-DC87-4A17-BFB0-28D6A4FA6381}.Debug|Any CPU.Build.0 = Debug|Any CPU
		{E37C7CBB-DC87-4A17-BFB0-28D6A4FA6381}.Debug|x64.ActiveCfg = Debug|Any CPU
		{E37C7CBB-DC87-4A17-BFB0-28D6A4FA6381}.Debug|x64.Build.0 = Debug|Any CPU
		{E37C7CBB-DC87-4A17-BFB0-28D6A4FA6381}.Debug|x86.ActiveCfg = Debug|x86
		{E37C7CBB-DC87-4A17-BFB0-28D6A4FA6381}.Debug|x86.Build.0 = Debug|x86
		{E37C7CBB-DC87-4A17-BFB0-28D6A4FA6381}.Release|Any CPU.ActiveCfg = Release|Any CPU
		{E37C7CBB-DC87-4A17-BFB0-28D6A4FA6381}.Release|Any CPU.Build.0 = Release|Any CPU
		{E37C7CBB-DC87-4A17-BFB0-28D6A4FA6381}.Release|x64.ActiveCfg = Release|Any CPU
		{E37C7CBB-DC87-4A17-BFB0-28D6A4FA6381}.Release|x64.Build.0 = Release|Any CPU
		{E37C7CBB-DC87-4A17-BFB0-28D6A4FA6381}.Release|x86.ActiveCfg = Release|x86
		{E37C7CBB-DC87-4A17-BFB0-28D6A4FA6381}.Release|x86.Build.0 = Release|x86
		{A8A4C682-FD44-47D5-B42C-AF80BEAEA757}.Debug|Any CPU.ActiveCfg = Debug|Any CPU
		{A8A4C682-FD44-47D5-B42C-AF80BEAEA757}.Debug|Any CPU.Build.0 = Debug|Any CPU
		{A8A4C682-FD44-47D5-B42C-AF80BEAEA757}.Debug|x64.ActiveCfg = Debug|Any CPU
		{A8A4C682-FD44-47D5-B42C-AF80BEAEA757}.Debug|x64.Build.0 = Debug|Any CPU
		{A8A4C682-FD44-47D5-B42C-AF80BEAEA757}.Debug|x86.ActiveCfg = Debug|Any CPU
		{A8A4C682-FD44-47D5-B42C-AF80BEAEA757}.Debug|x86.Build.0 = Debug|Any CPU
		{A8A4C682-FD44-47D5-B42C-AF80BEAEA757}.Release|Any CPU.ActiveCfg = Release|Any CPU
		{A8A4C682-FD44-47D5-B42C-AF80BEAEA757}.Release|Any CPU.Build.0 = Release|Any CPU
		{A8A4C682-FD44-47D5-B42C-AF80BEAEA757}.Release|x64.ActiveCfg = Release|Any CPU
		{A8A4C682-FD44-47D5-B42C-AF80BEAEA757}.Release|x64.Build.0 = Release|Any CPU
		{A8A4C682-FD44-47D5-B42C-AF80BEAEA757}.Release|x86.ActiveCfg = Release|Any CPU
		{A8A4C682-FD44-47D5-B42C-AF80BEAEA757}.Release|x86.Build.0 = Release|Any CPU
		{9D15A070-378F-4CA6-B33D-7D1998900109}.Debug|Any CPU.ActiveCfg = Debug|Any CPU
		{9D15A070-378F-4CA6-B33D-7D1998900109}.Debug|Any CPU.Build.0 = Debug|Any CPU
		{9D15A070-378F-4CA6-B33D-7D1998900109}.Debug|x64.ActiveCfg = Debug|Any CPU
		{9D15A070-378F-4CA6-B33D-7D1998900109}.Debug|x64.Build.0 = Debug|Any CPU
		{9D15A070-378F-4CA6-B33D-7D1998900109}.Debug|x86.ActiveCfg = Debug|Any CPU
		{9D15A070-378F-4CA6-B33D-7D1998900109}.Debug|x86.Build.0 = Debug|Any CPU
		{9D15A070-378F-4CA6-B33D-7D1998900109}.Release|Any CPU.ActiveCfg = Release|Any CPU
		{9D15A070-378F-4CA6-B33D-7D1998900109}.Release|Any CPU.Build.0 = Release|Any CPU
		{9D15A070-378F-4CA6-B33D-7D1998900109}.Release|x64.ActiveCfg = Release|Any CPU
		{9D15A070-378F-4CA6-B33D-7D1998900109}.Release|x64.Build.0 = Release|Any CPU
		{9D15A070-378F-4CA6-B33D-7D1998900109}.Release|x86.ActiveCfg = Release|Any CPU
		{9D15A070-378F-4CA6-B33D-7D1998900109}.Release|x86.Build.0 = Release|Any CPU
		{719F7E39-1FC3-4ACC-84AB-5CC417CE9C72}.Debug|Any CPU.ActiveCfg = Debug|Any CPU
		{719F7E39-1FC3-4ACC-84AB-5CC417CE9C72}.Debug|Any CPU.Build.0 = Debug|Any CPU
		{719F7E39-1FC3-4ACC-84AB-5CC417CE9C72}.Debug|x64.ActiveCfg = Debug|Any CPU
		{719F7E39-1FC3-4ACC-84AB-5CC417CE9C72}.Debug|x64.Build.0 = Debug|Any CPU
		{719F7E39-1FC3-4ACC-84AB-5CC417CE9C72}.Debug|x86.ActiveCfg = Debug|Any CPU
		{719F7E39-1FC3-4ACC-84AB-5CC417CE9C72}.Debug|x86.Build.0 = Debug|Any CPU
		{719F7E39-1FC3-4ACC-84AB-5CC417CE9C72}.Release|Any CPU.ActiveCfg = Release|Any CPU
		{719F7E39-1FC3-4ACC-84AB-5CC417CE9C72}.Release|Any CPU.Build.0 = Release|Any CPU
		{719F7E39-1FC3-4ACC-84AB-5CC417CE9C72}.Release|x64.ActiveCfg = Release|Any CPU
		{719F7E39-1FC3-4ACC-84AB-5CC417CE9C72}.Release|x64.Build.0 = Release|Any CPU
		{719F7E39-1FC3-4ACC-84AB-5CC417CE9C72}.Release|x86.ActiveCfg = Release|Any CPU
		{719F7E39-1FC3-4ACC-84AB-5CC417CE9C72}.Release|x86.Build.0 = Release|Any CPU
		{C70D7D6A-5F51-48B7-9B1F-CF0C1D6FB29E}.Debug|Any CPU.ActiveCfg = Debug|Any CPU
		{C70D7D6A-5F51-48B7-9B1F-CF0C1D6FB29E}.Debug|Any CPU.Build.0 = Debug|Any CPU
		{C70D7D6A-5F51-48B7-9B1F-CF0C1D6FB29E}.Debug|x64.ActiveCfg = Debug|Any CPU
		{C70D7D6A-5F51-48B7-9B1F-CF0C1D6FB29E}.Debug|x64.Build.0 = Debug|Any CPU
		{C70D7D6A-5F51-48B7-9B1F-CF0C1D6FB29E}.Debug|x86.ActiveCfg = Debug|Any CPU
		{C70D7D6A-5F51-48B7-9B1F-CF0C1D6FB29E}.Debug|x86.Build.0 = Debug|Any CPU
		{C70D7D6A-5F51-48B7-9B1F-CF0C1D6FB29E}.Release|Any CPU.ActiveCfg = Release|Any CPU
		{C70D7D6A-5F51-48B7-9B1F-CF0C1D6FB29E}.Release|Any CPU.Build.0 = Release|Any CPU
		{C70D7D6A-5F51-48B7-9B1F-CF0C1D6FB29E}.Release|x64.ActiveCfg = Release|Any CPU
		{C70D7D6A-5F51-48B7-9B1F-CF0C1D6FB29E}.Release|x64.Build.0 = Release|Any CPU
		{C70D7D6A-5F51-48B7-9B1F-CF0C1D6FB29E}.Release|x86.ActiveCfg = Release|Any CPU
		{C70D7D6A-5F51-48B7-9B1F-CF0C1D6FB29E}.Release|x86.Build.0 = Release|Any CPU
		{1124412E-730F-45C8-81D3-6A119492831E}.Debug|Any CPU.ActiveCfg = Debug|Any CPU
		{1124412E-730F-45C8-81D3-6A119492831E}.Debug|Any CPU.Build.0 = Debug|Any CPU
		{1124412E-730F-45C8-81D3-6A119492831E}.Debug|x64.ActiveCfg = Debug|Any CPU
		{1124412E-730F-45C8-81D3-6A119492831E}.Debug|x64.Build.0 = Debug|Any CPU
		{1124412E-730F-45C8-81D3-6A119492831E}.Debug|x86.ActiveCfg = Debug|Any CPU
		{1124412E-730F-45C8-81D3-6A119492831E}.Debug|x86.Build.0 = Debug|Any CPU
		{1124412E-730F-45C8-81D3-6A119492831E}.Release|Any CPU.ActiveCfg = Release|Any CPU
		{1124412E-730F-45C8-81D3-6A119492831E}.Release|Any CPU.Build.0 = Release|Any CPU
		{1124412E-730F-45C8-81D3-6A119492831E}.Release|x64.ActiveCfg = Release|Any CPU
		{1124412E-730F-45C8-81D3-6A119492831E}.Release|x64.Build.0 = Release|Any CPU
		{1124412E-730F-45C8-81D3-6A119492831E}.Release|x86.ActiveCfg = Release|Any CPU
		{1124412E-730F-45C8-81D3-6A119492831E}.Release|x86.Build.0 = Release|Any CPU
		{2E3ABD83-6921-4780-9502-968A209E3737}.Debug|Any CPU.ActiveCfg = Debug|Any CPU
		{2E3ABD83-6921-4780-9502-968A209E3737}.Debug|Any CPU.Build.0 = Debug|Any CPU
		{2E3ABD83-6921-4780-9502-968A209E3737}.Debug|x64.ActiveCfg = Debug|Any CPU
		{2E3ABD83-6921-4780-9502-968A209E3737}.Debug|x64.Build.0 = Debug|Any CPU
		{2E3ABD83-6921-4780-9502-968A209E3737}.Debug|x86.ActiveCfg = Debug|Any CPU
		{2E3ABD83-6921-4780-9502-968A209E3737}.Debug|x86.Build.0 = Debug|Any CPU
		{2E3ABD83-6921-4780-9502-968A209E3737}.Release|Any CPU.ActiveCfg = Release|Any CPU
		{2E3ABD83-6921-4780-9502-968A209E3737}.Release|Any CPU.Build.0 = Release|Any CPU
		{2E3ABD83-6921-4780-9502-968A209E3737}.Release|x64.ActiveCfg = Release|Any CPU
		{2E3ABD83-6921-4780-9502-968A209E3737}.Release|x64.Build.0 = Release|Any CPU
		{2E3ABD83-6921-4780-9502-968A209E3737}.Release|x86.ActiveCfg = Release|Any CPU
		{2E3ABD83-6921-4780-9502-968A209E3737}.Release|x86.Build.0 = Release|Any CPU
		{3B2BEC75-173D-4C1E-B856-D288BBBDBA17}.Debug|Any CPU.ActiveCfg = Debug|Any CPU
		{3B2BEC75-173D-4C1E-B856-D288BBBDBA17}.Debug|Any CPU.Build.0 = Debug|Any CPU
		{3B2BEC75-173D-4C1E-B856-D288BBBDBA17}.Debug|x64.ActiveCfg = Debug|Any CPU
		{3B2BEC75-173D-4C1E-B856-D288BBBDBA17}.Debug|x64.Build.0 = Debug|Any CPU
		{3B2BEC75-173D-4C1E-B856-D288BBBDBA17}.Debug|x86.ActiveCfg = Debug|Any CPU
		{3B2BEC75-173D-4C1E-B856-D288BBBDBA17}.Debug|x86.Build.0 = Debug|Any CPU
		{3B2BEC75-173D-4C1E-B856-D288BBBDBA17}.Release|Any CPU.ActiveCfg = Release|Any CPU
		{3B2BEC75-173D-4C1E-B856-D288BBBDBA17}.Release|Any CPU.Build.0 = Release|Any CPU
		{3B2BEC75-173D-4C1E-B856-D288BBBDBA17}.Release|x64.ActiveCfg = Release|Any CPU
		{3B2BEC75-173D-4C1E-B856-D288BBBDBA17}.Release|x64.Build.0 = Release|Any CPU
		{3B2BEC75-173D-4C1E-B856-D288BBBDBA17}.Release|x86.ActiveCfg = Release|Any CPU
		{3B2BEC75-173D-4C1E-B856-D288BBBDBA17}.Release|x86.Build.0 = Release|Any CPU
		{DD933979-4820-40FB-B41E-F716CE18BED7}.Debug|Any CPU.ActiveCfg = Debug|Any CPU
		{DD933979-4820-40FB-B41E-F716CE18BED7}.Debug|Any CPU.Build.0 = Debug|Any CPU
		{DD933979-4820-40FB-B41E-F716CE18BED7}.Debug|x64.ActiveCfg = Debug|Any CPU
		{DD933979-4820-40FB-B41E-F716CE18BED7}.Debug|x64.Build.0 = Debug|Any CPU
		{DD933979-4820-40FB-B41E-F716CE18BED7}.Debug|x86.ActiveCfg = Debug|Any CPU
		{DD933979-4820-40FB-B41E-F716CE18BED7}.Debug|x86.Build.0 = Debug|Any CPU
		{DD933979-4820-40FB-B41E-F716CE18BED7}.Release|Any CPU.ActiveCfg = Release|Any CPU
		{DD933979-4820-40FB-B41E-F716CE18BED7}.Release|Any CPU.Build.0 = Release|Any CPU
		{DD933979-4820-40FB-B41E-F716CE18BED7}.Release|x64.ActiveCfg = Release|Any CPU
		{DD933979-4820-40FB-B41E-F716CE18BED7}.Release|x64.Build.0 = Release|Any CPU
		{DD933979-4820-40FB-B41E-F716CE18BED7}.Release|x86.ActiveCfg = Release|Any CPU
		{DD933979-4820-40FB-B41E-F716CE18BED7}.Release|x86.Build.0 = Release|Any CPU
		{AF2A08E6-76D2-4412-964B-37B7CA378ABB}.Debug|Any CPU.ActiveCfg = Debug|Any CPU
		{AF2A08E6-76D2-4412-964B-37B7CA378ABB}.Debug|Any CPU.Build.0 = Debug|Any CPU
		{AF2A08E6-76D2-4412-964B-37B7CA378ABB}.Debug|x64.ActiveCfg = Debug|Any CPU
		{AF2A08E6-76D2-4412-964B-37B7CA378ABB}.Debug|x64.Build.0 = Debug|Any CPU
		{AF2A08E6-76D2-4412-964B-37B7CA378ABB}.Debug|x86.ActiveCfg = Debug|Any CPU
		{AF2A08E6-76D2-4412-964B-37B7CA378ABB}.Debug|x86.Build.0 = Debug|Any CPU
		{AF2A08E6-76D2-4412-964B-37B7CA378ABB}.Release|Any CPU.ActiveCfg = Release|Any CPU
		{AF2A08E6-76D2-4412-964B-37B7CA378ABB}.Release|Any CPU.Build.0 = Release|Any CPU
		{AF2A08E6-76D2-4412-964B-37B7CA378ABB}.Release|x64.ActiveCfg = Release|Any CPU
		{AF2A08E6-76D2-4412-964B-37B7CA378ABB}.Release|x64.Build.0 = Release|Any CPU
		{AF2A08E6-76D2-4412-964B-37B7CA378ABB}.Release|x86.ActiveCfg = Release|Any CPU
		{AF2A08E6-76D2-4412-964B-37B7CA378ABB}.Release|x86.Build.0 = Release|Any CPU
		{978DB8BD-7946-40E6-AC20-D4FCCB58806F}.Debug|Any CPU.ActiveCfg = Debug|Any CPU
		{978DB8BD-7946-40E6-AC20-D4FCCB58806F}.Debug|Any CPU.Build.0 = Debug|Any CPU
		{978DB8BD-7946-40E6-AC20-D4FCCB58806F}.Debug|x64.ActiveCfg = Debug|Any CPU
		{978DB8BD-7946-40E6-AC20-D4FCCB58806F}.Debug|x64.Build.0 = Debug|Any CPU
		{978DB8BD-7946-40E6-AC20-D4FCCB58806F}.Debug|x86.ActiveCfg = Debug|Any CPU
		{978DB8BD-7946-40E6-AC20-D4FCCB58806F}.Debug|x86.Build.0 = Debug|Any CPU
		{978DB8BD-7946-40E6-AC20-D4FCCB58806F}.Release|Any CPU.ActiveCfg = Release|Any CPU
		{978DB8BD-7946-40E6-AC20-D4FCCB58806F}.Release|Any CPU.Build.0 = Release|Any CPU
		{978DB8BD-7946-40E6-AC20-D4FCCB58806F}.Release|x64.ActiveCfg = Release|Any CPU
		{978DB8BD-7946-40E6-AC20-D4FCCB58806F}.Release|x64.Build.0 = Release|Any CPU
		{978DB8BD-7946-40E6-AC20-D4FCCB58806F}.Release|x86.ActiveCfg = Release|Any CPU
		{978DB8BD-7946-40E6-AC20-D4FCCB58806F}.Release|x86.Build.0 = Release|Any CPU
		{D6A43B0C-86DC-409E-A481-967F7A9690FB}.Debug|Any CPU.ActiveCfg = Debug|Any CPU
		{D6A43B0C-86DC-409E-A481-967F7A9690FB}.Debug|Any CPU.Build.0 = Debug|Any CPU
		{D6A43B0C-86DC-409E-A481-967F7A9690FB}.Debug|x64.ActiveCfg = Debug|Any CPU
		{D6A43B0C-86DC-409E-A481-967F7A9690FB}.Debug|x64.Build.0 = Debug|Any CPU
		{D6A43B0C-86DC-409E-A481-967F7A9690FB}.Debug|x86.ActiveCfg = Debug|Any CPU
		{D6A43B0C-86DC-409E-A481-967F7A9690FB}.Debug|x86.Build.0 = Debug|Any CPU
		{D6A43B0C-86DC-409E-A481-967F7A9690FB}.Release|Any CPU.ActiveCfg = Release|Any CPU
		{D6A43B0C-86DC-409E-A481-967F7A9690FB}.Release|Any CPU.Build.0 = Release|Any CPU
		{D6A43B0C-86DC-409E-A481-967F7A9690FB}.Release|x64.ActiveCfg = Release|Any CPU
		{D6A43B0C-86DC-409E-A481-967F7A9690FB}.Release|x64.Build.0 = Release|Any CPU
		{D6A43B0C-86DC-409E-A481-967F7A9690FB}.Release|x86.ActiveCfg = Release|Any CPU
		{D6A43B0C-86DC-409E-A481-967F7A9690FB}.Release|x86.Build.0 = Release|Any CPU
		{61950052-3793-4FD1-8B9B-0D4D46297153}.Debug|Any CPU.ActiveCfg = Debug|Any CPU
		{61950052-3793-4FD1-8B9B-0D4D46297153}.Debug|Any CPU.Build.0 = Debug|Any CPU
		{61950052-3793-4FD1-8B9B-0D4D46297153}.Debug|x64.ActiveCfg = Debug|Any CPU
		{61950052-3793-4FD1-8B9B-0D4D46297153}.Debug|x64.Build.0 = Debug|Any CPU
		{61950052-3793-4FD1-8B9B-0D4D46297153}.Debug|x86.ActiveCfg = Debug|Any CPU
		{61950052-3793-4FD1-8B9B-0D4D46297153}.Debug|x86.Build.0 = Debug|Any CPU
		{61950052-3793-4FD1-8B9B-0D4D46297153}.Release|Any CPU.ActiveCfg = Release|Any CPU
		{61950052-3793-4FD1-8B9B-0D4D46297153}.Release|Any CPU.Build.0 = Release|Any CPU
		{61950052-3793-4FD1-8B9B-0D4D46297153}.Release|x64.ActiveCfg = Release|Any CPU
		{61950052-3793-4FD1-8B9B-0D4D46297153}.Release|x64.Build.0 = Release|Any CPU
		{61950052-3793-4FD1-8B9B-0D4D46297153}.Release|x86.ActiveCfg = Release|Any CPU
		{61950052-3793-4FD1-8B9B-0D4D46297153}.Release|x86.Build.0 = Release|Any CPU
		{18F17C1D-95A2-4C1D-B259-416CDFE2A0B5}.Debug|Any CPU.ActiveCfg = Debug|Any CPU
		{18F17C1D-95A2-4C1D-B259-416CDFE2A0B5}.Debug|Any CPU.Build.0 = Debug|Any CPU
		{18F17C1D-95A2-4C1D-B259-416CDFE2A0B5}.Debug|x64.ActiveCfg = Debug|Any CPU
		{18F17C1D-95A2-4C1D-B259-416CDFE2A0B5}.Debug|x64.Build.0 = Debug|Any CPU
		{18F17C1D-95A2-4C1D-B259-416CDFE2A0B5}.Debug|x86.ActiveCfg = Debug|Any CPU
		{18F17C1D-95A2-4C1D-B259-416CDFE2A0B5}.Debug|x86.Build.0 = Debug|Any CPU
		{18F17C1D-95A2-4C1D-B259-416CDFE2A0B5}.Release|Any CPU.ActiveCfg = Release|Any CPU
		{18F17C1D-95A2-4C1D-B259-416CDFE2A0B5}.Release|Any CPU.Build.0 = Release|Any CPU
		{18F17C1D-95A2-4C1D-B259-416CDFE2A0B5}.Release|x64.ActiveCfg = Release|Any CPU
		{18F17C1D-95A2-4C1D-B259-416CDFE2A0B5}.Release|x64.Build.0 = Release|Any CPU
		{18F17C1D-95A2-4C1D-B259-416CDFE2A0B5}.Release|x86.ActiveCfg = Release|Any CPU
		{18F17C1D-95A2-4C1D-B259-416CDFE2A0B5}.Release|x86.Build.0 = Release|Any CPU
		{342753E1-3F4C-430E-84CF-86A60A85C1C6}.Debug|Any CPU.ActiveCfg = Debug|Any CPU
		{342753E1-3F4C-430E-84CF-86A60A85C1C6}.Debug|Any CPU.Build.0 = Debug|Any CPU
		{342753E1-3F4C-430E-84CF-86A60A85C1C6}.Debug|x64.ActiveCfg = Debug|Any CPU
		{342753E1-3F4C-430E-84CF-86A60A85C1C6}.Debug|x64.Build.0 = Debug|Any CPU
		{342753E1-3F4C-430E-84CF-86A60A85C1C6}.Debug|x86.ActiveCfg = Debug|Any CPU
		{342753E1-3F4C-430E-84CF-86A60A85C1C6}.Debug|x86.Build.0 = Debug|Any CPU
		{342753E1-3F4C-430E-84CF-86A60A85C1C6}.Release|Any CPU.ActiveCfg = Release|Any CPU
		{342753E1-3F4C-430E-84CF-86A60A85C1C6}.Release|Any CPU.Build.0 = Release|Any CPU
		{342753E1-3F4C-430E-84CF-86A60A85C1C6}.Release|x64.ActiveCfg = Release|Any CPU
		{342753E1-3F4C-430E-84CF-86A60A85C1C6}.Release|x64.Build.0 = Release|Any CPU
		{342753E1-3F4C-430E-84CF-86A60A85C1C6}.Release|x86.ActiveCfg = Release|Any CPU
		{342753E1-3F4C-430E-84CF-86A60A85C1C6}.Release|x86.Build.0 = Release|Any CPU
		{795DE552-1CDE-4E15-9F52-4DDE3720DEF7}.Debug|Any CPU.ActiveCfg = Debug|Any CPU
		{795DE552-1CDE-4E15-9F52-4DDE3720DEF7}.Debug|Any CPU.Build.0 = Debug|Any CPU
		{795DE552-1CDE-4E15-9F52-4DDE3720DEF7}.Debug|x64.ActiveCfg = Debug|Any CPU
		{795DE552-1CDE-4E15-9F52-4DDE3720DEF7}.Debug|x64.Build.0 = Debug|Any CPU
		{795DE552-1CDE-4E15-9F52-4DDE3720DEF7}.Debug|x86.ActiveCfg = Debug|Any CPU
		{795DE552-1CDE-4E15-9F52-4DDE3720DEF7}.Debug|x86.Build.0 = Debug|Any CPU
		{795DE552-1CDE-4E15-9F52-4DDE3720DEF7}.Release|Any CPU.ActiveCfg = Release|Any CPU
		{795DE552-1CDE-4E15-9F52-4DDE3720DEF7}.Release|Any CPU.Build.0 = Release|Any CPU
		{795DE552-1CDE-4E15-9F52-4DDE3720DEF7}.Release|x64.ActiveCfg = Release|Any CPU
		{795DE552-1CDE-4E15-9F52-4DDE3720DEF7}.Release|x64.Build.0 = Release|Any CPU
		{795DE552-1CDE-4E15-9F52-4DDE3720DEF7}.Release|x86.ActiveCfg = Release|Any CPU
		{795DE552-1CDE-4E15-9F52-4DDE3720DEF7}.Release|x86.Build.0 = Release|Any CPU
		{5A2CEB0E-3314-4F34-AB18-EEAE33A0A8C0}.Debug|Any CPU.ActiveCfg = Debug|Any CPU
		{5A2CEB0E-3314-4F34-AB18-EEAE33A0A8C0}.Debug|Any CPU.Build.0 = Debug|Any CPU
		{5A2CEB0E-3314-4F34-AB18-EEAE33A0A8C0}.Debug|x64.ActiveCfg = Debug|Any CPU
		{5A2CEB0E-3314-4F34-AB18-EEAE33A0A8C0}.Debug|x64.Build.0 = Debug|Any CPU
		{5A2CEB0E-3314-4F34-AB18-EEAE33A0A8C0}.Debug|x86.ActiveCfg = Debug|Any CPU
		{5A2CEB0E-3314-4F34-AB18-EEAE33A0A8C0}.Debug|x86.Build.0 = Debug|Any CPU
		{5A2CEB0E-3314-4F34-AB18-EEAE33A0A8C0}.Release|Any CPU.ActiveCfg = Release|Any CPU
		{5A2CEB0E-3314-4F34-AB18-EEAE33A0A8C0}.Release|Any CPU.Build.0 = Release|Any CPU
		{5A2CEB0E-3314-4F34-AB18-EEAE33A0A8C0}.Release|x64.ActiveCfg = Release|Any CPU
		{5A2CEB0E-3314-4F34-AB18-EEAE33A0A8C0}.Release|x64.Build.0 = Release|Any CPU
		{5A2CEB0E-3314-4F34-AB18-EEAE33A0A8C0}.Release|x86.ActiveCfg = Release|Any CPU
		{5A2CEB0E-3314-4F34-AB18-EEAE33A0A8C0}.Release|x86.Build.0 = Release|Any CPU
		{781F3A5D-EF21-44D2-A79C-D85817D1AC50}.Debug|Any CPU.ActiveCfg = Debug|Any CPU
		{781F3A5D-EF21-44D2-A79C-D85817D1AC50}.Debug|Any CPU.Build.0 = Debug|Any CPU
		{781F3A5D-EF21-44D2-A79C-D85817D1AC50}.Debug|x64.ActiveCfg = Debug|Any CPU
		{781F3A5D-EF21-44D2-A79C-D85817D1AC50}.Debug|x64.Build.0 = Debug|Any CPU
		{781F3A5D-EF21-44D2-A79C-D85817D1AC50}.Debug|x86.ActiveCfg = Debug|Any CPU
		{781F3A5D-EF21-44D2-A79C-D85817D1AC50}.Debug|x86.Build.0 = Debug|Any CPU
		{781F3A5D-EF21-44D2-A79C-D85817D1AC50}.Release|Any CPU.ActiveCfg = Release|Any CPU
		{781F3A5D-EF21-44D2-A79C-D85817D1AC50}.Release|Any CPU.Build.0 = Release|Any CPU
		{781F3A5D-EF21-44D2-A79C-D85817D1AC50}.Release|x64.ActiveCfg = Release|Any CPU
		{781F3A5D-EF21-44D2-A79C-D85817D1AC50}.Release|x64.Build.0 = Release|Any CPU
		{781F3A5D-EF21-44D2-A79C-D85817D1AC50}.Release|x86.ActiveCfg = Release|Any CPU
		{781F3A5D-EF21-44D2-A79C-D85817D1AC50}.Release|x86.Build.0 = Release|Any CPU
		{345F413C-A357-45FF-970B-36B333635B02}.Debug|Any CPU.ActiveCfg = Debug|Any CPU
		{345F413C-A357-45FF-970B-36B333635B02}.Debug|Any CPU.Build.0 = Debug|Any CPU
		{345F413C-A357-45FF-970B-36B333635B02}.Debug|x64.ActiveCfg = Debug|Any CPU
		{345F413C-A357-45FF-970B-36B333635B02}.Debug|x64.Build.0 = Debug|Any CPU
		{345F413C-A357-45FF-970B-36B333635B02}.Debug|x86.ActiveCfg = Debug|Any CPU
		{345F413C-A357-45FF-970B-36B333635B02}.Debug|x86.Build.0 = Debug|Any CPU
		{345F413C-A357-45FF-970B-36B333635B02}.Release|Any CPU.ActiveCfg = Release|Any CPU
		{345F413C-A357-45FF-970B-36B333635B02}.Release|Any CPU.Build.0 = Release|Any CPU
		{345F413C-A357-45FF-970B-36B333635B02}.Release|x64.ActiveCfg = Release|Any CPU
		{345F413C-A357-45FF-970B-36B333635B02}.Release|x64.Build.0 = Release|Any CPU
		{345F413C-A357-45FF-970B-36B333635B02}.Release|x86.ActiveCfg = Release|Any CPU
		{345F413C-A357-45FF-970B-36B333635B02}.Release|x86.Build.0 = Release|Any CPU
		{F66FD749-CC2C-456D-AF12-0004EF01D51A}.Debug|Any CPU.ActiveCfg = Debug|Any CPU
		{F66FD749-CC2C-456D-AF12-0004EF01D51A}.Debug|Any CPU.Build.0 = Debug|Any CPU
		{F66FD749-CC2C-456D-AF12-0004EF01D51A}.Debug|x64.ActiveCfg = Debug|Any CPU
		{F66FD749-CC2C-456D-AF12-0004EF01D51A}.Debug|x64.Build.0 = Debug|Any CPU
		{F66FD749-CC2C-456D-AF12-0004EF01D51A}.Debug|x86.ActiveCfg = Debug|Any CPU
		{F66FD749-CC2C-456D-AF12-0004EF01D51A}.Debug|x86.Build.0 = Debug|Any CPU
		{F66FD749-CC2C-456D-AF12-0004EF01D51A}.Release|Any CPU.ActiveCfg = Release|Any CPU
		{F66FD749-CC2C-456D-AF12-0004EF01D51A}.Release|Any CPU.Build.0 = Release|Any CPU
		{F66FD749-CC2C-456D-AF12-0004EF01D51A}.Release|x64.ActiveCfg = Release|Any CPU
		{F66FD749-CC2C-456D-AF12-0004EF01D51A}.Release|x64.Build.0 = Release|Any CPU
		{F66FD749-CC2C-456D-AF12-0004EF01D51A}.Release|x86.ActiveCfg = Release|Any CPU
		{F66FD749-CC2C-456D-AF12-0004EF01D51A}.Release|x86.Build.0 = Release|Any CPU
		{6A8B2C6E-0D35-4EB2-B0FF-3C883CE099B7}.Debug|Any CPU.ActiveCfg = Debug|Any CPU
		{6A8B2C6E-0D35-4EB2-B0FF-3C883CE099B7}.Debug|Any CPU.Build.0 = Debug|Any CPU
		{6A8B2C6E-0D35-4EB2-B0FF-3C883CE099B7}.Debug|x64.ActiveCfg = Debug|Any CPU
		{6A8B2C6E-0D35-4EB2-B0FF-3C883CE099B7}.Debug|x64.Build.0 = Debug|Any CPU
		{6A8B2C6E-0D35-4EB2-B0FF-3C883CE099B7}.Debug|x86.ActiveCfg = Debug|Any CPU
		{6A8B2C6E-0D35-4EB2-B0FF-3C883CE099B7}.Debug|x86.Build.0 = Debug|Any CPU
		{6A8B2C6E-0D35-4EB2-B0FF-3C883CE099B7}.Release|Any CPU.ActiveCfg = Release|Any CPU
		{6A8B2C6E-0D35-4EB2-B0FF-3C883CE099B7}.Release|Any CPU.Build.0 = Release|Any CPU
		{6A8B2C6E-0D35-4EB2-B0FF-3C883CE099B7}.Release|x64.ActiveCfg = Release|Any CPU
		{6A8B2C6E-0D35-4EB2-B0FF-3C883CE099B7}.Release|x64.Build.0 = Release|Any CPU
		{6A8B2C6E-0D35-4EB2-B0FF-3C883CE099B7}.Release|x86.ActiveCfg = Release|Any CPU
		{6A8B2C6E-0D35-4EB2-B0FF-3C883CE099B7}.Release|x86.Build.0 = Release|Any CPU
		{9A52C9C9-24B0-4438-8975-51EC9E564A19}.Debug|Any CPU.ActiveCfg = Debug|Any CPU
		{9A52C9C9-24B0-4438-8975-51EC9E564A19}.Debug|Any CPU.Build.0 = Debug|Any CPU
		{9A52C9C9-24B0-4438-8975-51EC9E564A19}.Debug|x64.ActiveCfg = Debug|Any CPU
		{9A52C9C9-24B0-4438-8975-51EC9E564A19}.Debug|x64.Build.0 = Debug|Any CPU
		{9A52C9C9-24B0-4438-8975-51EC9E564A19}.Debug|x86.ActiveCfg = Debug|Any CPU
		{9A52C9C9-24B0-4438-8975-51EC9E564A19}.Debug|x86.Build.0 = Debug|Any CPU
		{9A52C9C9-24B0-4438-8975-51EC9E564A19}.Release|Any CPU.ActiveCfg = Release|Any CPU
		{9A52C9C9-24B0-4438-8975-51EC9E564A19}.Release|Any CPU.Build.0 = Release|Any CPU
		{9A52C9C9-24B0-4438-8975-51EC9E564A19}.Release|x64.ActiveCfg = Release|Any CPU
		{9A52C9C9-24B0-4438-8975-51EC9E564A19}.Release|x64.Build.0 = Release|Any CPU
		{9A52C9C9-24B0-4438-8975-51EC9E564A19}.Release|x86.ActiveCfg = Release|Any CPU
		{9A52C9C9-24B0-4438-8975-51EC9E564A19}.Release|x86.Build.0 = Release|Any CPU
		{A5424D0B-6A58-4A3D-B4F6-F903265D1523}.Debug|Any CPU.ActiveCfg = Debug|Any CPU
		{A5424D0B-6A58-4A3D-B4F6-F903265D1523}.Debug|Any CPU.Build.0 = Debug|Any CPU
		{A5424D0B-6A58-4A3D-B4F6-F903265D1523}.Debug|x64.ActiveCfg = Debug|Any CPU
		{A5424D0B-6A58-4A3D-B4F6-F903265D1523}.Debug|x64.Build.0 = Debug|Any CPU
		{A5424D0B-6A58-4A3D-B4F6-F903265D1523}.Debug|x86.ActiveCfg = Debug|Any CPU
		{A5424D0B-6A58-4A3D-B4F6-F903265D1523}.Debug|x86.Build.0 = Debug|Any CPU
		{A5424D0B-6A58-4A3D-B4F6-F903265D1523}.Release|Any CPU.ActiveCfg = Release|Any CPU
		{A5424D0B-6A58-4A3D-B4F6-F903265D1523}.Release|Any CPU.Build.0 = Release|Any CPU
		{A5424D0B-6A58-4A3D-B4F6-F903265D1523}.Release|x64.ActiveCfg = Release|Any CPU
		{A5424D0B-6A58-4A3D-B4F6-F903265D1523}.Release|x64.Build.0 = Release|Any CPU
		{A5424D0B-6A58-4A3D-B4F6-F903265D1523}.Release|x86.ActiveCfg = Release|Any CPU
		{A5424D0B-6A58-4A3D-B4F6-F903265D1523}.Release|x86.Build.0 = Release|Any CPU
		{85732355-9FF7-452B-8241-6D95A64754B8}.Debug|Any CPU.ActiveCfg = Debug|Any CPU
		{85732355-9FF7-452B-8241-6D95A64754B8}.Debug|Any CPU.Build.0 = Debug|Any CPU
		{85732355-9FF7-452B-8241-6D95A64754B8}.Debug|x64.ActiveCfg = Debug|Any CPU
		{85732355-9FF7-452B-8241-6D95A64754B8}.Debug|x64.Build.0 = Debug|Any CPU
		{85732355-9FF7-452B-8241-6D95A64754B8}.Debug|x86.ActiveCfg = Debug|Any CPU
		{85732355-9FF7-452B-8241-6D95A64754B8}.Debug|x86.Build.0 = Debug|Any CPU
		{85732355-9FF7-452B-8241-6D95A64754B8}.Release|Any CPU.ActiveCfg = Release|Any CPU
		{85732355-9FF7-452B-8241-6D95A64754B8}.Release|Any CPU.Build.0 = Release|Any CPU
		{85732355-9FF7-452B-8241-6D95A64754B8}.Release|x64.ActiveCfg = Release|Any CPU
		{85732355-9FF7-452B-8241-6D95A64754B8}.Release|x64.Build.0 = Release|Any CPU
		{85732355-9FF7-452B-8241-6D95A64754B8}.Release|x86.ActiveCfg = Release|Any CPU
		{85732355-9FF7-452B-8241-6D95A64754B8}.Release|x86.Build.0 = Release|Any CPU
		{C6D75BDB-21C9-4946-BAC8-35FEC1FD519A}.Debug|Any CPU.ActiveCfg = Debug|Any CPU
		{C6D75BDB-21C9-4946-BAC8-35FEC1FD519A}.Debug|Any CPU.Build.0 = Debug|Any CPU
		{C6D75BDB-21C9-4946-BAC8-35FEC1FD519A}.Debug|x64.ActiveCfg = Debug|Any CPU
		{C6D75BDB-21C9-4946-BAC8-35FEC1FD519A}.Debug|x64.Build.0 = Debug|Any CPU
		{C6D75BDB-21C9-4946-BAC8-35FEC1FD519A}.Debug|x86.ActiveCfg = Debug|Any CPU
		{C6D75BDB-21C9-4946-BAC8-35FEC1FD519A}.Debug|x86.Build.0 = Debug|Any CPU
		{C6D75BDB-21C9-4946-BAC8-35FEC1FD519A}.Release|Any CPU.ActiveCfg = Release|Any CPU
		{C6D75BDB-21C9-4946-BAC8-35FEC1FD519A}.Release|Any CPU.Build.0 = Release|Any CPU
		{C6D75BDB-21C9-4946-BAC8-35FEC1FD519A}.Release|x64.ActiveCfg = Release|Any CPU
		{C6D75BDB-21C9-4946-BAC8-35FEC1FD519A}.Release|x64.Build.0 = Release|Any CPU
		{C6D75BDB-21C9-4946-BAC8-35FEC1FD519A}.Release|x86.ActiveCfg = Release|Any CPU
		{C6D75BDB-21C9-4946-BAC8-35FEC1FD519A}.Release|x86.Build.0 = Release|Any CPU
		{8B031626-8820-4B79-9856-64133DF0F565}.Debug|Any CPU.ActiveCfg = Debug|Any CPU
		{8B031626-8820-4B79-9856-64133DF0F565}.Debug|Any CPU.Build.0 = Debug|Any CPU
		{8B031626-8820-4B79-9856-64133DF0F565}.Debug|x64.ActiveCfg = Debug|Any CPU
		{8B031626-8820-4B79-9856-64133DF0F565}.Debug|x64.Build.0 = Debug|Any CPU
		{8B031626-8820-4B79-9856-64133DF0F565}.Debug|x86.ActiveCfg = Debug|Any CPU
		{8B031626-8820-4B79-9856-64133DF0F565}.Debug|x86.Build.0 = Debug|Any CPU
		{8B031626-8820-4B79-9856-64133DF0F565}.Release|Any CPU.ActiveCfg = Release|Any CPU
		{8B031626-8820-4B79-9856-64133DF0F565}.Release|Any CPU.Build.0 = Release|Any CPU
		{8B031626-8820-4B79-9856-64133DF0F565}.Release|x64.ActiveCfg = Release|Any CPU
		{8B031626-8820-4B79-9856-64133DF0F565}.Release|x64.Build.0 = Release|Any CPU
		{8B031626-8820-4B79-9856-64133DF0F565}.Release|x86.ActiveCfg = Release|Any CPU
		{8B031626-8820-4B79-9856-64133DF0F565}.Release|x86.Build.0 = Release|Any CPU
		{3DF198D5-6774-435E-8BB8-5C0C4FD8CD3A}.Debug|Any CPU.ActiveCfg = Debug|Any CPU
		{3DF198D5-6774-435E-8BB8-5C0C4FD8CD3A}.Debug|Any CPU.Build.0 = Debug|Any CPU
		{3DF198D5-6774-435E-8BB8-5C0C4FD8CD3A}.Debug|x64.ActiveCfg = Debug|Any CPU
		{3DF198D5-6774-435E-8BB8-5C0C4FD8CD3A}.Debug|x64.Build.0 = Debug|Any CPU
		{3DF198D5-6774-435E-8BB8-5C0C4FD8CD3A}.Debug|x86.ActiveCfg = Debug|Any CPU
		{3DF198D5-6774-435E-8BB8-5C0C4FD8CD3A}.Debug|x86.Build.0 = Debug|Any CPU
		{3DF198D5-6774-435E-8BB8-5C0C4FD8CD3A}.Release|Any CPU.ActiveCfg = Release|Any CPU
		{3DF198D5-6774-435E-8BB8-5C0C4FD8CD3A}.Release|Any CPU.Build.0 = Release|Any CPU
		{3DF198D5-6774-435E-8BB8-5C0C4FD8CD3A}.Release|x64.ActiveCfg = Release|Any CPU
		{3DF198D5-6774-435E-8BB8-5C0C4FD8CD3A}.Release|x64.Build.0 = Release|Any CPU
		{3DF198D5-6774-435E-8BB8-5C0C4FD8CD3A}.Release|x86.ActiveCfg = Release|Any CPU
		{3DF198D5-6774-435E-8BB8-5C0C4FD8CD3A}.Release|x86.Build.0 = Release|Any CPU
		{EB98A967-69AF-4C3B-A6B0-3C19B73A6A24}.Debug|Any CPU.ActiveCfg = Debug|Any CPU
		{EB98A967-69AF-4C3B-A6B0-3C19B73A6A24}.Debug|Any CPU.Build.0 = Debug|Any CPU
		{EB98A967-69AF-4C3B-A6B0-3C19B73A6A24}.Debug|x64.ActiveCfg = Debug|Any CPU
		{EB98A967-69AF-4C3B-A6B0-3C19B73A6A24}.Debug|x64.Build.0 = Debug|Any CPU
		{EB98A967-69AF-4C3B-A6B0-3C19B73A6A24}.Debug|x86.ActiveCfg = Debug|Any CPU
		{EB98A967-69AF-4C3B-A6B0-3C19B73A6A24}.Debug|x86.Build.0 = Debug|Any CPU
		{EB98A967-69AF-4C3B-A6B0-3C19B73A6A24}.Release|Any CPU.ActiveCfg = Release|Any CPU
		{EB98A967-69AF-4C3B-A6B0-3C19B73A6A24}.Release|Any CPU.Build.0 = Release|Any CPU
		{EB98A967-69AF-4C3B-A6B0-3C19B73A6A24}.Release|x64.ActiveCfg = Release|Any CPU
		{EB98A967-69AF-4C3B-A6B0-3C19B73A6A24}.Release|x64.Build.0 = Release|Any CPU
		{EB98A967-69AF-4C3B-A6B0-3C19B73A6A24}.Release|x86.ActiveCfg = Release|Any CPU
		{EB98A967-69AF-4C3B-A6B0-3C19B73A6A24}.Release|x86.Build.0 = Release|Any CPU
		{87A07B0F-1517-4EC8-B5A0-8E45D14CE5C3}.Debug|Any CPU.ActiveCfg = Debug|Any CPU
		{87A07B0F-1517-4EC8-B5A0-8E45D14CE5C3}.Debug|Any CPU.Build.0 = Debug|Any CPU
		{87A07B0F-1517-4EC8-B5A0-8E45D14CE5C3}.Debug|x64.ActiveCfg = Debug|Any CPU
		{87A07B0F-1517-4EC8-B5A0-8E45D14CE5C3}.Debug|x64.Build.0 = Debug|Any CPU
		{87A07B0F-1517-4EC8-B5A0-8E45D14CE5C3}.Debug|x86.ActiveCfg = Debug|Any CPU
		{87A07B0F-1517-4EC8-B5A0-8E45D14CE5C3}.Debug|x86.Build.0 = Debug|Any CPU
		{87A07B0F-1517-4EC8-B5A0-8E45D14CE5C3}.Release|Any CPU.ActiveCfg = Release|Any CPU
		{87A07B0F-1517-4EC8-B5A0-8E45D14CE5C3}.Release|Any CPU.Build.0 = Release|Any CPU
		{87A07B0F-1517-4EC8-B5A0-8E45D14CE5C3}.Release|x64.ActiveCfg = Release|Any CPU
		{87A07B0F-1517-4EC8-B5A0-8E45D14CE5C3}.Release|x64.Build.0 = Release|Any CPU
		{87A07B0F-1517-4EC8-B5A0-8E45D14CE5C3}.Release|x86.ActiveCfg = Release|Any CPU
		{87A07B0F-1517-4EC8-B5A0-8E45D14CE5C3}.Release|x86.Build.0 = Release|Any CPU
		{7ED9DB56-64CE-4E65-8331-A4FF05053FCC}.Debug|Any CPU.ActiveCfg = Debug|Any CPU
		{7ED9DB56-64CE-4E65-8331-A4FF05053FCC}.Debug|Any CPU.Build.0 = Debug|Any CPU
		{7ED9DB56-64CE-4E65-8331-A4FF05053FCC}.Debug|x64.ActiveCfg = Debug|x64
		{7ED9DB56-64CE-4E65-8331-A4FF05053FCC}.Debug|x64.Build.0 = Debug|x64
		{7ED9DB56-64CE-4E65-8331-A4FF05053FCC}.Debug|x86.ActiveCfg = Debug|Any CPU
		{7ED9DB56-64CE-4E65-8331-A4FF05053FCC}.Debug|x86.Build.0 = Debug|Any CPU
		{7ED9DB56-64CE-4E65-8331-A4FF05053FCC}.Release|Any CPU.ActiveCfg = Release|Any CPU
		{7ED9DB56-64CE-4E65-8331-A4FF05053FCC}.Release|Any CPU.Build.0 = Release|Any CPU
		{7ED9DB56-64CE-4E65-8331-A4FF05053FCC}.Release|x64.ActiveCfg = Release|x64
		{7ED9DB56-64CE-4E65-8331-A4FF05053FCC}.Release|x64.Build.0 = Release|x64
		{7ED9DB56-64CE-4E65-8331-A4FF05053FCC}.Release|x86.ActiveCfg = Release|Any CPU
		{7ED9DB56-64CE-4E65-8331-A4FF05053FCC}.Release|x86.Build.0 = Release|Any CPU
		{95E00F56-5FBB-45CE-950C-9383A6B169E5}.Debug|Any CPU.ActiveCfg = Debug|Any CPU
		{95E00F56-5FBB-45CE-950C-9383A6B169E5}.Debug|Any CPU.Build.0 = Debug|Any CPU
		{95E00F56-5FBB-45CE-950C-9383A6B169E5}.Debug|x64.ActiveCfg = Debug|Any CPU
		{95E00F56-5FBB-45CE-950C-9383A6B169E5}.Debug|x64.Build.0 = Debug|Any CPU
		{95E00F56-5FBB-45CE-950C-9383A6B169E5}.Debug|x86.ActiveCfg = Debug|Any CPU
		{95E00F56-5FBB-45CE-950C-9383A6B169E5}.Debug|x86.Build.0 = Debug|Any CPU
		{95E00F56-5FBB-45CE-950C-9383A6B169E5}.Release|Any CPU.ActiveCfg = Release|Any CPU
		{95E00F56-5FBB-45CE-950C-9383A6B169E5}.Release|Any CPU.Build.0 = Release|Any CPU
		{95E00F56-5FBB-45CE-950C-9383A6B169E5}.Release|x64.ActiveCfg = Release|Any CPU
		{95E00F56-5FBB-45CE-950C-9383A6B169E5}.Release|x64.Build.0 = Release|Any CPU
		{95E00F56-5FBB-45CE-950C-9383A6B169E5}.Release|x86.ActiveCfg = Release|Any CPU
		{95E00F56-5FBB-45CE-950C-9383A6B169E5}.Release|x86.Build.0 = Release|Any CPU
	EndGlobalSection
	GlobalSection(SolutionProperties) = preSolution
		HideSolutionNode = FALSE
	EndGlobalSection
	GlobalSection(NestedProjects) = preSolution
		{1124412E-730F-45C8-81D3-6A119492831E} = {AC4E634F-9282-4940-A302-A938318F8C23}
		{2E3ABD83-6921-4780-9502-968A209E3737} = {AC4E634F-9282-4940-A302-A938318F8C23}
		{3B2BEC75-173D-4C1E-B856-D288BBBDBA17} = {AC4E634F-9282-4940-A302-A938318F8C23}
		{DD933979-4820-40FB-B41E-F716CE18BED7} = {AC4E634F-9282-4940-A302-A938318F8C23}
	EndGlobalSection
EndGlobal
